// !$*UTF8*$!
{
	archiveVersion = 1;
	classes = {
	};
	objectVersion = 56;
	objects = {

/* Begin PBXBuildFile section */
		5B67246E2C41B67C00335293 /* TestGesturesView.swift in Sources */ = {isa = PBXBuildFile; fileRef = 5B67246D2C41B67C00335293 /* TestGesturesView.swift */; };
		5B6724702C41BDF600335293 /* TestTransitionView.swift in Sources */ = {isa = PBXBuildFile; fileRef = 5B67246F2C41BDF600335293 /* TestTransitionView.swift */; };
		5B6724722C41BFC400335293 /* TestCustomTransitionView.swift in Sources */ = {isa = PBXBuildFile; fileRef = 5B6724712C41BFC400335293 /* TestCustomTransitionView.swift */; };
		5BE14EA82C3E33D6004934B8 /* AnimationsApp.swift in Sources */ = {isa = PBXBuildFile; fileRef = 5BE14EA72C3E33D6004934B8 /* AnimationsApp.swift */; };
		5BE14EAA2C3E33D6004934B8 /* ContentView.swift in Sources */ = {isa = PBXBuildFile; fileRef = 5BE14EA92C3E33D6004934B8 /* ContentView.swift */; };
		5BE14EAC2C3E33D7004934B8 /* Assets.xcassets in Resources */ = {isa = PBXBuildFile; fileRef = 5BE14EAB2C3E33D7004934B8 /* Assets.xcassets */; };
		5BE14EAF2C3E33D7004934B8 /* Preview Assets.xcassets in Resources */ = {isa = PBXBuildFile; fileRef = 5BE14EAE2C3E33D7004934B8 /* Preview Assets.xcassets */; };
		5BE14EB62C3F8352004934B8 /* TestView.swift in Sources */ = {isa = PBXBuildFile; fileRef = 5BE14EB52C3F8352004934B8 /* TestView.swift */; };
		5BE14EB82C3F8C1E004934B8 /* TestBindingAnimationView.swift in Sources */ = {isa = PBXBuildFile; fileRef = 5BE14EB72C3F8C1E004934B8 /* TestBindingAnimationView.swift */; };
		5BE14EBA2C406390004934B8 /* TestExplicitAnimationView.swift in Sources */ = {isa = PBXBuildFile; fileRef = 5BE14EB92C406390004934B8 /* TestExplicitAnimationView.swift */; };
/* End PBXBuildFile section */

/* Begin PBXFileReference section */
		5B67246D2C41B67C00335293 /* TestGesturesView.swift */ = {isa = PBXFileReference; lastKnownFileType = sourcecode.swift; path = TestGesturesView.swift; sourceTree = "<group>"; };
		5B67246F2C41BDF600335293 /* TestTransitionView.swift */ = {isa = PBXFileReference; lastKnownFileType = sourcecode.swift; path = TestTransitionView.swift; sourceTree = "<group>"; };
		5B6724712C41BFC400335293 /* TestCustomTransitionView.swift */ = {isa = PBXFileReference; lastKnownFileType = sourcecode.swift; path = TestCustomTransitionView.swift; sourceTree = "<group>"; };
		5BE14EA42C3E33D6004934B8 /* Animations.app */ = {isa = PBXFileReference; explicitFileType = wrapper.application; includeInIndex = 0; path = Animations.app; sourceTree = BUILT_PRODUCTS_DIR; };
		5BE14EA72C3E33D6004934B8 /* AnimationsApp.swift */ = {isa = PBXFileReference; lastKnownFileType = sourcecode.swift; path = AnimationsApp.swift; sourceTree = "<group>"; };
		5BE14EA92C3E33D6004934B8 /* ContentView.swift */ = {isa = PBXFileReference; lastKnownFileType = sourcecode.swift; path = ContentView.swift; sourceTree = "<group>"; };
		5BE14EAB2C3E33D7004934B8 /* Assets.xcassets */ = {isa = PBXFileReference; lastKnownFileType = folder.assetcatalog; path = Assets.xcassets; sourceTree = "<group>"; };
		5BE14EAE2C3E33D7004934B8 /* Preview Assets.xcassets */ = {isa = PBXFileReference; lastKnownFileType = folder.assetcatalog; path = "Preview Assets.xcassets"; sourceTree = "<group>"; };
		5BE14EB52C3F8352004934B8 /* TestView.swift */ = {isa = PBXFileReference; lastKnownFileType = sourcecode.swift; path = TestView.swift; sourceTree = "<group>"; };
		5BE14EB72C3F8C1E004934B8 /* TestBindingAnimationView.swift */ = {isa = PBXFileReference; lastKnownFileType = sourcecode.swift; path = TestBindingAnimationView.swift; sourceTree = "<group>"; };
		5BE14EB92C406390004934B8 /* TestExplicitAnimationView.swift */ = {isa = PBXFileReference; lastKnownFileType = sourcecode.swift; path = TestExplicitAnimationView.swift; sourceTree = "<group>"; };
/* End PBXFileReference section */

/* Begin PBXFrameworksBuildPhase section */
		5BE14EA12C3E33D6004934B8 /* Frameworks */ = {
			isa = PBXFrameworksBuildPhase;
			buildActionMask = 2147483647;
			files = (
			);
			runOnlyForDeploymentPostprocessing = 0;
		};
/* End PBXFrameworksBuildPhase section */

/* Begin PBXGroup section */
		5BE14E9B2C3E33D6004934B8 = {
			isa = PBXGroup;
			children = (
				5BE14EA62C3E33D6004934B8 /* Animations */,
				5BE14EA52C3E33D6004934B8 /* Products */,
			);
			sourceTree = "<group>";
		};
		5BE14EA52C3E33D6004934B8 /* Products */ = {
			isa = PBXGroup;
			children = (
				5BE14EA42C3E33D6004934B8 /* Animations.app */,
			);
			name = Products;
			sourceTree = "<group>";
		};
		5BE14EA62C3E33D6004934B8 /* Animations */ = {
			isa = PBXGroup;
			children = (
				5BE14EA72C3E33D6004934B8 /* AnimationsApp.swift */,
				5BE14EA92C3E33D6004934B8 /* ContentView.swift */,
				5BE14EAB2C3E33D7004934B8 /* Assets.xcassets */,
				5BE14EAD2C3E33D7004934B8 /* Preview Content */,
				5BE14EB52C3F8352004934B8 /* TestView.swift */,
				5BE14EB72C3F8C1E004934B8 /* TestBindingAnimationView.swift */,
				5BE14EB92C406390004934B8 /* TestExplicitAnimationView.swift */,
				5B67246D2C41B67C00335293 /* TestGesturesView.swift */,
				5B67246F2C41BDF600335293 /* TestTransitionView.swift */,
				5B6724712C41BFC400335293 /* TestCustomTransitionView.swift */,
			);
			path = Animations;
			sourceTree = "<group>";
		};
		5BE14EAD2C3E33D7004934B8 /* Preview Content */ = {
			isa = PBXGroup;
			children = (
				5BE14EAE2C3E33D7004934B8 /* Preview Assets.xcassets */,
			);
			path = "Preview Content";
			sourceTree = "<group>";
		};
/* End PBXGroup section */

/* Begin PBXNativeTarget section */
		5BE14EA32C3E33D6004934B8 /* Animations */ = {
			isa = PBXNativeTarget;
			buildConfigurationList = 5BE14EB22C3E33D7004934B8 /* Build configuration list for PBXNativeTarget "Animations" */;
			buildPhases = (
				5BE14EA02C3E33D6004934B8 /* Sources */,
				5BE14EA12C3E33D6004934B8 /* Frameworks */,
				5BE14EA22C3E33D6004934B8 /* Resources */,
			);
			buildRules = (
			);
			dependencies = (
			);
			name = Animations;
			productName = Animations;
			productReference = 5BE14EA42C3E33D6004934B8 /* Animations.app */;
			productType = "com.apple.product-type.application";
		};
/* End PBXNativeTarget section */

/* Begin PBXProject section */
		5BE14E9C2C3E33D6004934B8 /* Project object */ = {
			isa = PBXProject;
			attributes = {
				BuildIndependentTargetsInParallel = 1;
				LastSwiftUpdateCheck = 1520;
				LastUpgradeCheck = 1520;
				TargetAttributes = {
					5BE14EA32C3E33D6004934B8 = {
						CreatedOnToolsVersion = 15.2;
					};
				};
			};
			buildConfigurationList = 5BE14E9F2C3E33D6004934B8 /* Build configuration list for PBXProject "Animations" */;
			compatibilityVersion = "Xcode 14.0";
			developmentRegion = en;
			hasScannedForEncodings = 0;
			knownRegions = (
				en,
				Base,
			);
			mainGroup = 5BE14E9B2C3E33D6004934B8;
			productRefGroup = 5BE14EA52C3E33D6004934B8 /* Products */;
			projectDirPath = "";
			projectRoot = "";
			targets = (
				5BE14EA32C3E33D6004934B8 /* Animations */,
			);
		};
/* End PBXProject section */

/* Begin PBXResourcesBuildPhase section */
		5BE14EA22C3E33D6004934B8 /* Resources */ = {
			isa = PBXResourcesBuildPhase;
			buildActionMask = 2147483647;
			files = (
				5BE14EAF2C3E33D7004934B8 /* Preview Assets.xcassets in Resources */,
				5BE14EAC2C3E33D7004934B8 /* Assets.xcassets in Resources */,
			);
			runOnlyForDeploymentPostprocessing = 0;
		};
/* End PBXResourcesBuildPhase section */

/* Begin PBXSourcesBuildPhase section */
		5BE14EA02C3E33D6004934B8 /* Sources */ = {
			isa = PBXSourcesBuildPhase;
			buildActionMask = 2147483647;
			files = (
				5B67246E2C41B67C00335293 /* TestGesturesView.swift in Sources */,
				5BE14EBA2C406390004934B8 /* TestExplicitAnimationView.swift in Sources */,
				5B6724722C41BFC400335293 /* TestCustomTransitionView.swift in Sources */,
				5B6724702C41BDF600335293 /* TestTransitionView.swift in Sources */,
				5BE14EB62C3F8352004934B8 /* TestView.swift in Sources */,
				5BE14EAA2C3E33D6004934B8 /* ContentView.swift in Sources */,
				5BE14EA82C3E33D6004934B8 /* AnimationsApp.swift in Sources */,
				5BE14EB82C3F8C1E004934B8 /* TestBindingAnimationView.swift in Sources */,
			);
			runOnlyForDeploymentPostprocessing = 0;
		};
/* End PBXSourcesBuildPhase section */

/* Begin XCBuildConfiguration section */
		5BE14EB02C3E33D7004934B8 /* Debug */ = {
			isa = XCBuildConfiguration;
			buildSettings = {
				ALWAYS_SEARCH_USER_PATHS = NO;
				ASSETCATALOG_COMPILER_GENERATE_SWIFT_ASSET_SYMBOL_EXTENSIONS = YES;
				CLANG_ANALYZER_NONNULL = YES;
				CLANG_ANALYZER_NUMBER_OBJECT_CONVERSION = YES_AGGRESSIVE;
				CLANG_CXX_LANGUAGE_STANDARD = "gnu++20";
				CLANG_ENABLE_MODULES = YES;
				CLANG_ENABLE_OBJC_ARC = YES;
				CLANG_ENABLE_OBJC_WEAK = YES;
				CLANG_WARN_BLOCK_CAPTURE_AUTORELEASING = YES;
				CLANG_WARN_BOOL_CONVERSION = YES;
				CLANG_WARN_COMMA = YES;
				CLANG_WARN_CONSTANT_CONVERSION = YES;
				CLANG_WARN_DEPRECATED_OBJC_IMPLEMENTATIONS = YES;
				CLANG_WARN_DIRECT_OBJC_ISA_USAGE = YES_ERROR;
				CLANG_WARN_DOCUMENTATION_COMMENTS = YES;
				CLANG_WARN_EMPTY_BODY = YES;
				CLANG_WARN_ENUM_CONVERSION = YES;
				CLANG_WARN_INFINITE_RECURSION = YES;
				CLANG_WARN_INT_CONVERSION = YES;
				CLANG_WARN_NON_LITERAL_NULL_CONVERSION = YES;
				CLANG_WARN_OBJC_IMPLICIT_RETAIN_SELF = YES;
				CLANG_WARN_OBJC_LITERAL_CONVERSION = YES;
				CLANG_WARN_OBJC_ROOT_CLASS = YES_ERROR;
				CLANG_WARN_QUOTED_INCLUDE_IN_FRAMEWORK_HEADER = YES;
				CLANG_WARN_RANGE_LOOP_ANALYSIS = YES;
				CLANG_WARN_STRICT_PROTOTYPES = YES;
				CLANG_WARN_SUSPICIOUS_MOVE = YES;
				CLANG_WARN_UNGUARDED_AVAILABILITY = YES_AGGRESSIVE;
				CLANG_WARN_UNREACHABLE_CODE = YES;
				CLANG_WARN__DUPLICATE_METHOD_MATCH = YES;
				COPY_PHASE_STRIP = NO;
				DEBUG_INFORMATION_FORMAT = dwarf;
				ENABLE_STRICT_OBJC_MSGSEND = YES;
				ENABLE_TESTABILITY = YES;
				ENABLE_USER_SCRIPT_SANDBOXING = YES;
				GCC_C_LANGUAGE_STANDARD = gnu17;
				GCC_DYNAMIC_NO_PIC = NO;
				GCC_NO_COMMON_BLOCKS = YES;
				GCC_OPTIMIZATION_LEVEL = 0;
				GCC_PREPROCESSOR_DEFINITIONS = (
					"DEBUG=1",
					"$(inherited)",
				);
				GCC_WARN_64_TO_32_BIT_CONVERSION = YES;
				GCC_WARN_ABOUT_RETURN_TYPE = YES_ERROR;
				GCC_WARN_UNDECLARED_SELECTOR = YES;
				GCC_WARN_UNINITIALIZED_AUTOS = YES_AGGRESSIVE;
				GCC_WARN_UNUSED_FUNCTION = YES;
				GCC_WARN_UNUSED_VARIABLE = YES;
				IPHONEOS_DEPLOYMENT_TARGET = 17.2;
				LOCALIZATION_PREFERS_STRING_CATALOGS = YES;
				MTL_ENABLE_DEBUG_INFO = INCLUDE_SOURCE;
				MTL_FAST_MATH = YES;
				ONLY_ACTIVE_ARCH = YES;
				SDKROOT = iphoneos;
				SWIFT_ACTIVE_COMPILATION_CONDITIONS = "DEBUG $(inherited)";
				SWIFT_OPTIMIZATION_LEVEL = "-Onone";
			};
			name = Debug;
		};
		5BE14EB12C3E33D7004934B8 /* Release */ = {
			isa = XCBuildConfiguration;
			buildSettings = {
				ALWAYS_SEARCH_USER_PATHS = NO;
				ASSETCATALOG_COMPILER_GENERATE_SWIFT_ASSET_SYMBOL_EXTENSIONS = YES;
				CLANG_ANALYZER_NONNULL = YES;
				CLANG_ANALYZER_NUMBER_OBJECT_CONVERSION = YES_AGGRESSIVE;
				CLANG_CXX_LANGUAGE_STANDARD = "gnu++20";
				CLANG_ENABLE_MODULES = YES;
				CLANG_ENABLE_OBJC_ARC = YES;
				CLANG_ENABLE_OBJC_WEAK = YES;
				CLANG_WARN_BLOCK_CAPTURE_AUTORELEASING = YES;
				CLANG_WARN_BOOL_CONVERSION = YES;
				CLANG_WARN_COMMA = YES;
				CLANG_WARN_CONSTANT_CONVERSION = YES;
				CLANG_WARN_DEPRECATED_OBJC_IMPLEMENTATIONS = YES;
				CLANG_WARN_DIRECT_OBJC_ISA_USAGE = YES_ERROR;
				CLANG_WARN_DOCUMENTATION_COMMENTS = YES;
				CLANG_WARN_EMPTY_BODY = YES;
				CLANG_WARN_ENUM_CONVERSION = YES;
				CLANG_WARN_INFINITE_RECURSION = YES;
				CLANG_WARN_INT_CONVERSION = YES;
				CLANG_WARN_NON_LITERAL_NULL_CONVERSION = YES;
				CLANG_WARN_OBJC_IMPLICIT_RETAIN_SELF = YES;
				CLANG_WARN_OBJC_LITERAL_CONVERSION = YES;
				CLANG_WARN_OBJC_ROOT_CLASS = YES_ERROR;
				CLANG_WARN_QUOTED_INCLUDE_IN_FRAMEWORK_HEADER = YES;
				CLANG_WARN_RANGE_LOOP_ANALYSIS = YES;
				CLANG_WARN_STRICT_PROTOTYPES = YES;
				CLANG_WARN_SUSPICIOUS_MOVE = YES;
				CLANG_WARN_UNGUARDED_AVAILABILITY = YES_AGGRESSIVE;
				CLANG_WARN_UNREACHABLE_CODE = YES;
				CLANG_WARN__DUPLICATE_METHOD_MATCH = YES;
				COPY_PHASE_STRIP = NO;
				DEBUG_INFORMATION_FORMAT = "dwarf-with-dsym";
				ENABLE_NS_ASSERTIONS = NO;
				ENABLE_STRICT_OBJC_MSGSEND = YES;
				ENABLE_USER_SCRIPT_SANDBOXING = YES;
				GCC_C_LANGUAGE_STANDARD = gnu17;
				GCC_NO_COMMON_BLOCKS = YES;
				GCC_WARN_64_TO_32_BIT_CONVERSION = YES;
				GCC_WARN_ABOUT_RETURN_TYPE = YES_ERROR;
				GCC_WARN_UNDECLARED_SELECTOR = YES;
				GCC_WARN_UNINITIALIZED_AUTOS = YES_AGGRESSIVE;
				GCC_WARN_UNUSED_FUNCTION = YES;
				GCC_WARN_UNUSED_VARIABLE = YES;
				IPHONEOS_DEPLOYMENT_TARGET = 17.2;
				LOCALIZATION_PREFERS_STRING_CATALOGS = YES;
				MTL_ENABLE_DEBUG_INFO = NO;
				MTL_FAST_MATH = YES;
				SDKROOT = iphoneos;
				SWIFT_COMPILATION_MODE = wholemodule;
				VALIDATE_PRODUCT = YES;
			};
			name = Release;
		};
		5BE14EB32C3E33D7004934B8 /* Debug */ = {
			isa = XCBuildConfiguration;
			buildSettings = {
				ASSETCATALOG_COMPILER_APPICON_NAME = AppIcon;
				ASSETCATALOG_COMPILER_GLOBAL_ACCENT_COLOR_NAME = AccentColor;
				CODE_SIGN_STYLE = Automatic;
				CURRENT_PROJECT_VERSION = 1;
				DEVELOPMENT_ASSET_PATHS = "\"Animations/Preview Content\"";
				ENABLE_PREVIEWS = YES;
				GENERATE_INFOPLIST_FILE = YES;
				INFOPLIST_KEY_UIApplicationSceneManifest_Generation = YES;
				INFOPLIST_KEY_UIApplicationSupportsIndirectInputEvents = YES;
				INFOPLIST_KEY_UILaunchScreen_Generation = YES;
				INFOPLIST_KEY_UISupportedInterfaceOrientations_iPad = "UIInterfaceOrientationPortrait UIInterfaceOrientationPortraitUpsideDown UIInterfaceOrientationLandscapeLeft UIInterfaceOrientationLandscapeRight";
				INFOPLIST_KEY_UISupportedInterfaceOrientations_iPhone = "UIInterfaceOrientationPortrait UIInterfaceOrientationLandscapeLeft UIInterfaceOrientationLandscapeRight";
				LD_RUNPATH_SEARCH_PATHS = (
					"$(inherited)",
					"@executable_path/Frameworks",
				);
				MARKETING_VERSION = 1.0;
				PRODUCT_BUNDLE_IDENTIFIER = com.rodrigogutierrez.Animations;
				PRODUCT_NAME = "$(TARGET_NAME)";
				SWIFT_EMIT_LOC_STRINGS = YES;
				SWIFT_VERSION = 5.0;
				TARGETED_DEVICE_FAMILY = "1,2";
			};
			name = Debug;
		};
		5BE14EB42C3E33D7004934B8 /* Release */ = {
			isa = XCBuildConfiguration;
			buildSettings = {
				ASSETCATALOG_COMPILER_APPICON_NAME = AppIcon;
				ASSETCATALOG_COMPILER_GLOBAL_ACCENT_COLOR_NAME = AccentColor;
				CODE_SIGN_STYLE = Automatic;
				CURRENT_PROJECT_VERSION = 1;
				DEVELOPMENT_ASSET_PATHS = "\"Animations/Preview Content\"";
				ENABLE_PREVIEWS = YES;
				GENERATE_INFOPLIST_FILE = YES;
				INFOPLIST_KEY_UIApplicationSceneManifest_Generation = YES;
				INFOPLIST_KEY_UIApplicationSupportsIndirectInputEvents = YES;
				INFOPLIST_KEY_UILaunchScreen_Generation = YES;
				INFOPLIST_KEY_UISupportedInterfaceOrientations_iPad = "UIInterfaceOrientationPortrait UIInterfaceOrientationPortraitUpsideDown UIInterfaceOrientationLandscapeLeft UIInterfaceOrientationLandscapeRight";
				INFOPLIST_KEY_UISupportedInterfaceOrientations_iPhone = "UIInterfaceOrientationPortrait UIInterfaceOrientationLandscapeLeft UIInterfaceOrientationLandscapeRight";
				LD_RUNPATH_SEARCH_PATHS = (
					"$(inherited)",
					"@executable_path/Frameworks",
				);
				MARKETING_VERSION = 1.0;
				PRODUCT_BUNDLE_IDENTIFIER = com.rodrigogutierrez.Animations;
				PRODUCT_NAME = "$(TARGET_NAME)";
				SWIFT_EMIT_LOC_STRINGS = YES;
				SWIFT_VERSION = 5.0;
				TARGETED_DEVICE_FAMILY = "1,2";
			};
			name = Release;
		};
/* End XCBuildConfiguration section */

/* Begin XCConfigurationList section */
		5BE14E9F2C3E33D6004934B8 /* Build configuration list for PBXProject "Animations" */ = {
			isa = XCConfigurationList;
			buildConfigurations = (
				5BE14EB02C3E33D7004934B8 /* Debug */,
				5BE14EB12C3E33D7004934B8 /* Release */,
			);
			defaultConfigurationIsVisible = 0;
			defaultConfigurationName = Release;
		};
		5BE14EB22C3E33D7004934B8 /* Build configuration list for PBXNativeTarget "Animations" */ = {
			isa = XCConfigurationList;
			buildConfigurations = (
				5BE14EB32C3E33D7004934B8 /* Debug */,
				5BE14EB42C3E33D7004934B8 /* Release */,
			);
			defaultConfigurationIsVisible = 0;
			defaultConfigurationName = Release;
		};
/* End XCConfigurationList section */
	};
	rootObject = 5BE14E9C2C3E33D6004934B8 /* Project object */;
}
